github.com/gammazero/deque v1.0.0 h1:LTmimT8H7bXkkCy6gZX7zNLtkbz4NdS2z8LZuor3j34=
github.com/gammazero/deque v1.0.0/go.mod h1:iflpYvtGfM3U8S8j+sZEKIak3SAKYpA5/SQewgfXDKo=
github.com/gammazero/deque v1.2.1 h1:9fnQVFCCZ9/NOc7ccTNqzoKd1tCWOqeI05/lPqFPMGQ=
github.com/gammazero/deque v1.2.1/go.mod h1:5nSFkzVm+afG9+gy0VIowlqVAW4N8zNcMne+CMQVD2g=
